
Microsoft Visual Studio Solution File, Format Version 12.00
# Visual Studio Version 16
VisualStudioVersion = 16.0.29001.49
MinimumVisualStudioVersion = 10.0.40219.1
Project("{2150E333-8FDC-42A3-9474-1A3956D46DE8}") = "Web", "Web", "{49B4DD45-1734-413C-8796-4D536450EF32}"
EndProject
Project("{2150E333-8FDC-42A3-9474-1A3956D46DE8}") = "Data", "Data", "{6C875226-0D0B-4CD0-A010-64DAF6068D0A}"
EndProject
Project("{9A19103F-16F7-4668-BE54-9A1E7A4F7556}") = "JuicyBurger.Data.Models", "Data\JuicyBurger.Data.Models\JuicyBurger.Data.Models.csproj", "{FD0954B6-AF97-4051-9388-94B173884FC5}"
EndProject
Project("{9A19103F-16F7-4668-BE54-9A1E7A4F7556}") = "JuicyBurger.Data", "Data\JuicyBurger.Data\JuicyBurger.Data.csproj", "{1DF72B95-234B-4215-8A07-4E19A1B173D2}"
EndProject
Project("{9A19103F-16F7-4668-BE54-9A1E7A4F7556}") = "JuicyBurger.Web", "Web\JuicyBurger.Web\JuicyBurger.Web.csproj", "{84A76137-6D9D-439B-952A-AE05CC407231}"
EndProject
Project("{9A19103F-16F7-4668-BE54-9A1E7A4F7556}") = "JuicyBurger.Web.InputModels", "Web\JuicyBurger.Web.InputModels\JuicyBurger.Web.InputModels.csproj", "{BD9A938C-7CB2-45B2-9B16-CE6373CE6F65}"
EndProject
Project("{9A19103F-16F7-4668-BE54-9A1E7A4F7556}") = "JuicyBurger.Web.ViewModels", "Web\JuicyBurger.Web.ViewModels\JuicyBurger.Web.ViewModels.csproj", "{A74B9568-6D40-4038-A5D4-7C32D22B5F75}"
EndProject
Project("{2150E333-8FDC-42A3-9474-1A3956D46DE8}") = "Services", "Services", "{3043514C-2239-4132-AE3A-D15F8681B33E}"
EndProject
Project("{9A19103F-16F7-4668-BE54-9A1E7A4F7556}") = "JuicyBurger.Services", "Services\JuicyBurger.Services\JuicyBurger.Services.csproj", "{A9A83BEF-8638-416B-B914-10828191B8CD}"
EndProject
Project("{9A19103F-16F7-4668-BE54-9A1E7A4F7556}") = "JuicyBurger.Services.Models", "Services\JuicyBurger.Services.Models\JuicyBurger.Services.Models.csproj", "{07A88A43-2C21-4B22-A9D3-F14314BDA6E8}"
EndProject
Project("{9A19103F-16F7-4668-BE54-9A1E7A4F7556}") = "JuicyBurger.Services.Mapping", "Services\JuicyBurger.Services.Mapping\JuicyBurger.Services.Mapping.csproj", "{0A404013-25B7-4761-A711-BC904DAB7B93}"
EndProject
Project("{FAE04EC0-301F-11D3-BF4B-00C04F79EFBC}") = "Services.Exceptions", "Services\Services.Exceptions\Services.Exceptions.csproj", "{22052C72-DCE7-4F8F-9575-D5ACE6BE87A1}"
EndProject
Global
	GlobalSection(SolutionConfigurationPlatforms) = preSolution
		Debug|Any CPU = Debug|Any CPU
		Release|Any CPU = Release|Any CPU
	EndGlobalSection
	GlobalSection(ProjectConfigurationPlatforms) = postSolution
		{FD0954B6-AF97-4051-9388-94B173884FC5}.Debug|Any CPU.ActiveCfg = Debug|Any CPU
		{FD0954B6-AF97-4051-9388-94B173884FC5}.Debug|Any CPU.Build.0 = Debug|Any CPU
		{FD0954B6-AF97-4051-9388-94B173884FC5}.Release|Any CPU.ActiveCfg = Release|Any CPU
		{FD0954B6-AF97-4051-9388-94B173884FC5}.Release|Any CPU.Build.0 = Release|Any CPU
		{1DF72B95-234B-4215-8A07-4E19A1B173D2}.Debug|Any CPU.ActiveCfg = Debug|Any CPU
		{1DF72B95-234B-4215-8A07-4E19A1B173D2}.Debug|Any CPU.Build.0 = Debug|Any CPU
		{1DF72B95-234B-4215-8A07-4E19A1B173D2}.Release|Any CPU.ActiveCfg = Release|Any CPU
		{1DF72B95-234B-4215-8A07-4E19A1B173D2}.Release|Any CPU.Build.0 = Release|Any CPU
		{84A76137-6D9D-439B-952A-AE05CC407231}.Debug|Any CPU.ActiveCfg = Debug|Any CPU
		{84A76137-6D9D-439B-952A-AE05CC407231}.Debug|Any CPU.Build.0 = Debug|Any CPU
		{84A76137-6D9D-439B-952A-AE05CC407231}.Release|Any CPU.ActiveCfg = Release|Any CPU
		{84A76137-6D9D-439B-952A-AE05CC407231}.Release|Any CPU.Build.0 = Release|Any CPU
		{BD9A938C-7CB2-45B2-9B16-CE6373CE6F65}.Debug|Any CPU.ActiveCfg = Debug|Any CPU
		{BD9A938C-7CB2-45B2-9B16-CE6373CE6F65}.Debug|Any CPU.Build.0 = Debug|Any CPU
		{BD9A938C-7CB2-45B2-9B16-CE6373CE6F65}.Release|Any CPU.ActiveCfg = Release|Any CPU
		{BD9A938C-7CB2-45B2-9B16-CE6373CE6F65}.Release|Any CPU.Build.0 = Release|Any CPU
		{A74B9568-6D40-4038-A5D4-7C32D22B5F75}.Debug|Any CPU.ActiveCfg = Debug|Any CPU
		{A74B9568-6D40-4038-A5D4-7C32D22B5F75}.Debug|Any CPU.Build.0 = Debug|Any CPU
		{A74B9568-6D40-4038-A5D4-7C32D22B5F75}.Release|Any CPU.ActiveCfg = Release|Any CPU
		{A74B9568-6D40-4038-A5D4-7C32D22B5F75}.Release|Any CPU.Build.0 = Release|Any CPU
		{A9A83BEF-8638-416B-B914-10828191B8CD}.Debug|Any CPU.ActiveCfg = Debug|Any CPU
		{A9A83BEF-8638-416B-B914-10828191B8CD}.Debug|Any CPU.Build.0 = Debug|Any CPU
		{A9A83BEF-8638-416B-B914-10828191B8CD}.Release|Any CPU.ActiveCfg = Release|Any CPU
		{A9A83BEF-8638-416B-B914-10828191B8CD}.Release|Any CPU.Build.0 = Release|Any CPU
		{07A88A43-2C21-4B22-A9D3-F14314BDA6E8}.Debug|Any CPU.ActiveCfg = Debug|Any CPU
		{07A88A43-2C21-4B22-A9D3-F14314BDA6E8}.Debug|Any CPU.Build.0 = Debug|Any CPU
		{07A88A43-2C21-4B22-A9D3-F14314BDA6E8}.Release|Any CPU.ActiveCfg = Release|Any CPU
		{07A88A43-2C21-4B22-A9D3-F14314BDA6E8}.Release|Any CPU.Build.0 = Release|Any CPU
		{0A404013-25B7-4761-A711-BC904DAB7B93}.Debug|Any CPU.ActiveCfg = Debug|Any CPU
		{0A404013-25B7-4761-A711-BC904DAB7B93}.Debug|Any CPU.Build.0 = Debug|Any CPU
		{0A404013-25B7-4761-A711-BC904DAB7B93}.Release|Any CPU.ActiveCfg = Release|Any CPU
		{0A404013-25B7-4761-A711-BC904DAB7B93}.Release|Any CPU.Build.0 = Release|Any CPU
		{22052C72-DCE7-4F8F-9575-D5ACE6BE87A1}.Debug|Any CPU.ActiveCfg = Debug|Any CPU
		{22052C72-DCE7-4F8F-9575-D5ACE6BE87A1}.Debug|Any CPU.Build.0 = Debug|Any CPU
		{22052C72-DCE7-4F8F-9575-D5ACE6BE87A1}.Release|Any CPU.ActiveCfg = Release|Any CPU
		{22052C72-DCE7-4F8F-9575-D5ACE6BE87A1}.Release|Any CPU.Build.0 = Release|Any CPU
	EndGlobalSection
	GlobalSection(SolutionProperties) = preSolution
		HideSolutionNode = FALSE
	EndGlobalSection
	GlobalSection(NestedProjects) = preSolution
		{FD0954B6-AF97-4051-9388-94B173884FC5} = {6C875226-0D0B-4CD0-A010-64DAF6068D0A}
		{1DF72B95-234B-4215-8A07-4E19A1B173D2} = {6C875226-0D0B-4CD0-A010-64DAF6068D0A}
		{84A76137-6D9D-439B-952A-AE05CC407231} = {49B4DD45-1734-413C-8796-4D536450EF32}
		{BD9A938C-7CB2-45B2-9B16-CE6373CE6F65} = {49B4DD45-1734-413C-8796-4D536450EF32}
		{A74B9568-6D40-4038-A5D4-7C32D22B5F75} = {49B4DD45-1734-413C-8796-4D536450EF32}
		{A9A83BEF-8638-416B-B914-10828191B8CD} = {3043514C-2239-4132-AE3A-D15F8681B33E}
		{07A88A43-2C21-4B22-A9D3-F14314BDA6E8} = {3043514C-2239-4132-AE3A-D15F8681B33E}
		{0A404013-25B7-4761-A711-BC904DAB7B93} = {3043514C-2239-4132-AE3A-D15F8681B33E}
		{22052C72-DCE7-4F8F-9575-D5ACE6BE87A1} = {3043514C-2239-4132-AE3A-D15F8681B33E}
	EndGlobalSection
	GlobalSection(ExtensibilityGlobals) = postSolution
		SolutionGuid = {78D9F84F-9151-4677-A52C-3E00DA3F72C1}
	EndGlobalSection
EndGlobal
